git.jen.da/richpay/common v0.10.1 h1:04jfosad/eloidxynIBRun/pUWQBQkWkMOAOPk2v4Oo=
git.jen.da/richpay/common v0.10.1/go.mod h1:leP9ur6XPMIV7h3kVvztUv+MYo7X1S/FWQUuDljCOq4=
git.jen.da/richpay/randize v0.0.2 h1:ktIT2mAENOuhkOPD7AijwzzUJT7ViJ5bmVUu0PIieqY=
git.jen.da/richpay/randize v0.0.2/go.mod h1:lHYni1ae69pJ71a5y7/jF4MvnjhTVm4D/THjMvwJuqc=
github.com/Ronmi/rtoolkit v0.0.4/go.mod h1:Y37NWMm/m5BeRX5hvBz/d7vyO9Ii2TAAqAKqGNe7fxM=
github.com/davecgh/go-spew v1.1.1/go.mod h1:J7Y8YcW2NihsgmVo/mv3lAwl/skON4iLHjSsI+c5H38=
github.com/go-sql-driver/mysql v1.4.1 h1:g24URVg0OFbNUTx9qqY1IRZ9D9z3iPyi5zKhQZpNwpA=
github.com/go-sql-driver/mysql v1.4.1/go.mod h1:zAC/RDZ24gD3HViQzih4MyKcchzm+sOG5ZlKdlhCg5w=
github.com/golang/protobuf v1.3.1/go.mod h1:6lQm79b+lXiMfvg/cZm0SGofjICqVBUtrP5yJMmIC1U=
github.com/konsorten/go-windows-terminal-sequences v1.0.1/go.mod h1:T0+1ngSBFLxvqU3pZ+m/2kptfBszLMUkC4ZK/EgS/cQ=
github.com/pkg/errors v0.8.1/go.mod h1:bwawxfHBFNV+L2hUp1rHADufV3IMtnDRdf1r5NINEl0=
github.com/pmezard/go-difflib v1.0.0/go.mod h1:iKH77koFhYxTK1pcRnkKkqfTogsbg7gZNVY4sRDYZ/4=
github.com/raohwork/envexist v0.0.4 h1:a/vLokuVmVkW7xm8zFYper8eN1aElpV3BvXD/ezEWB0=
github.com/raohwork/envexist v0.0.4/go.mod h1:GNm/WErml7iRGADQsVMogq1iLPAkF4MAzA6O/rf5V2I=
github.com/raohwork/jsonapi v0.1.0 h1:nVJgfqkpdhQKcfSnxOVnMAsc5lXa5E/ZIiw4xhllh78=
github.com/raohwork/jsonapi v0.1.0/go.mod h1:9eX47Iuu4Qy3iBNozHTGkpq/VtlfV/h9/TWw5/A1qgA=
github.com/sirupsen/logrus v1.4.2 h1:SPIRibHv4MatM3XXNO2BJeFLZwZ2LvZgfQ5+UNI2im4=
github.com/sirupsen/logrus v1.4.2/go.mod h1:tLMulIdttU9McNUspp0xgXVQah82FyeX6MwdIuYE2rE=
github.com/stretchr/objx v0.1.1/go.mod h1:HFkY916IF+rwdDfMAkV7OtwuqBVzrE8GR6GFx+wExME=
github.com/stretchr/testify v1.2.2/go.mod h1:a8OnRcib4nhh0OaRAV+Yts87kKdq0PP7pXfy6kDkUVs=
github.com/volatiletech/inflect v0.0.0-20170731032912-e7201282ae8d h1:gI4/tqP6lCY5k6Sg+4k9qSoBXmPwG+xXgMpK7jivD4M=
github.com/volatiletech/inflect v0.0.0-20170731032912-e7201282ae8d/go.mod h1:jspfvgf53t5NLUT4o9L1IX0kIBNKamGq1tWc/MgWK9Q=
github.com/volatiletech/sqlboiler v3.5.0+incompatible h1:n160O7UQLpZVRnJY6VH5eRNkt7sQdQBZGCCZ3CUy1+g=
github.com/volatiletech/sqlboiler v3.5.0+incompatible/go.mod h1:jLfDkkHWPbS2cWRLkyC20vQWaIQsASEY7gM7zSo11Yw=
golang.org/x/crypto v0.0.0-20190308221718-c2843e01d9a2/go.mod h1:djNgcEr1/C05ACkg1iLfiJU5Ep61QUkGW8qpdssI0+w=
golang.org/x/crypto v0.0.0-20190605123033-f99c8df09eb5/go.mod h1:yigFU9vqHzYiE8UmvKecakEJjdnWj3jj499lnFckfCI=
golang.org/x/net v0.0.0-20190311183353-d8887717615a/go.mod h1:t9HGtf8HONx5eT2rtn7q6eTqICYqUVnKs3thJo3Qplg=
golang.org/x/net v0.0.0-20190404232315-eb5bcb51f2a3/go.mod h1:t9HGtf8HONx5eT2rtn7q6eTqICYqUVnKs3thJo3Qplg=
golang.org/x/net v0.0.0-20190603091049-60506f45cf65/go.mod h1:HSz+uSET+XFnRR8LxR5pz3Of3rY3CfYBVs4xY44aLks=
golang.org/x/sync v0.0.0-20190423024810-112230192c58/go.mod h1:RxMgew5VJxzue5/jJTE5uejpjVlOe/izrB70Jof72aM=
golang.org/x/sys v0.0.0-20190215142949-d0b11bdaac8a/go.mod h1:STP8DvDyc/dI5b8T5hshtkjS+E42TnysNCUPdjciGhY=
golang.org/x/sys v0.0.0-20190412213103-97732733099d/go.mod h1:h1NjWce9XRLGQEsW7wpKNCjG9DtNlClVuFLEZdDNbEs=
golang.org/x/sys v0.0.0-20190422165155-953cdadca894/go.mod h1:h1NjWce9XRLGQEsW7wpKNCjG9DtNlClVuFLEZdDNbEs=
golang.org/x/sys v0.0.0-20190606165138-5da285871e9c h1:+EXw7AwNOKzPFXMZ1yNjO40aWCh3PIquJB2fYlv9wcs=
golang.org/x/sys v0.0.0-20190606165138-5da285871e9c/go.mod h1:h1NjWce9XRLGQEsW7wpKNCjG9DtNlClVuFLEZdDNbEs=
golang.org/x/text v0.3.0/go.mod h1:NqM8EUOU14njkJ3fqMW+pc6Ldnwhi/IjpwHt7yyuwOQ=
golang.org/x/text v0.3.2 h1:tW2bmiBqwgJj/UpqtC8EpXEZVYOwU0yG4iWbprSVAcs=
golang.org/x/text v0.3.2/go.mod h1:bEr9sfX3Q8Zfm5fL9x+3itogRgK3+ptLWKqgva+5dAk=
golang.org/x/tools v0.0.0-20180917221912-90fa682c2a6e/go.mod h1:n7NCudcB/nEzxVGmLbDWY5pfWTLqBcC2KZ6jyYvM4mQ=
golang.org/x/tools v0.0.0-20190606124116-d0a3d012864b/go.mod h1:/rFqwRUd4F7ZHNgwSSTFct+R/Kf4OFW1sUzUTQQTgfc=
google.golang.org/appengine v1.6.4/go.mod h1:i06prIuMbXzDqacNJfV5OdTW448YApPu5ww/cMBSeb0=
